// !$*UTF8*$!
{
	archiveVersion = 1;
	classes = {
	};
	objectVersion = 56;
	objects = {

/* Begin PBXBuildFile section */
		4207BC6B2A95B566006B7F52 /* CCTVView.swift in Sources */ = {isa = PBXBuildFile; fileRef = 4207BC6A2A95B566006B7F52 /* CCTVView.swift */; };
		4207BC6D2A95BDCE006B7F52 /* ReportView.swift in Sources */ = {isa = PBXBuildFile; fileRef = 4207BC6C2A95BDCE006B7F52 /* ReportView.swift */; };
		4207BC6F2A95C660006B7F52 /* cctvFeed.mp4 in Resources */ = {isa = PBXBuildFile; fileRef = 4207BC6E2A95C5E9006B7F52 /* cctvFeed.mp4 */; };
		42A082762A94DF4100D1B3BA /* RealityKitContent in Frameworks */ = {isa = PBXBuildFile; productRef = 42A082752A94DF4100D1B3BA /* RealityKitContent */; };
		42A082782A94DF4100D1B3BA /* TrainsTake1App.swift in Sources */ = {isa = PBXBuildFile; fileRef = 42A082772A94DF4100D1B3BA /* TrainsTake1App.swift */; };
		42A0827A2A94DF4100D1B3BA /* ContentView.swift in Sources */ = {isa = PBXBuildFile; fileRef = 42A082792A94DF4100D1B3BA /* ContentView.swift */; };
		42A0827C2A94DF4100D1B3BA /* ImmersiveView.swift in Sources */ = {isa = PBXBuildFile; fileRef = 42A0827B2A94DF4100D1B3BA /* ImmersiveView.swift */; };
		42A0827E2A94DF4100D1B3BA /* ImageBasedLighting.skybox in Resources */ = {isa = PBXBuildFile; fileRef = 42A0827D2A94DF4100D1B3BA /* ImageBasedLighting.skybox */; };
		42A082802A94DF4300D1B3BA /* Assets.xcassets in Resources */ = {isa = PBXBuildFile; fileRef = 42A0827F2A94DF4300D1B3BA /* Assets.xcassets */; };
		42A082832A94DF4300D1B3BA /* Preview Assets.xcassets in Resources */ = {isa = PBXBuildFile; fileRef = 42A082822A94DF4300D1B3BA /* Preview Assets.xcassets */; };
		42A0828A2A94E5F900D1B3BA /* ZoomInView.swift in Sources */ = {isa = PBXBuildFile; fileRef = 42A082892A94E5F900D1B3BA /* ZoomInView.swift */; };
/* End PBXBuildFile section */

/* Begin PBXContainerItemProxy section */
		42A082AA2A95899700D1B3BA /* PBXContainerItemProxy */ = {
			isa = PBXContainerItemProxy;
			containerPortal = 42A082A62A95899600D1B3BA /* TestBeacon.xcodeproj */;
			proxyType = 2;
			remoteGlobalIDString = 42A082942A95899400D1B3BA;
			remoteInfo = TestBeacon;
		};
		42A082B02A9589A600D1B3BA /* PBXContainerItemProxy */ = {
			isa = PBXContainerItemProxy;
			containerPortal = 42A082AC2A9589A600D1B3BA /* TestBeacon.xcodeproj */;
			proxyType = 2;
			remoteGlobalIDString = 42A082942A95899400D1B3BA;
			remoteInfo = TestBeacon;
		};
/* End PBXContainerItemProxy section */

/* Begin PBXFileReference section */
		4207BC6A2A95B566006B7F52 /* CCTVView.swift */ = {isa = PBXFileReference; lastKnownFileType = sourcecode.swift; path = CCTVView.swift; sourceTree = "<group>"; };
		4207BC6C2A95BDCE006B7F52 /* ReportView.swift */ = {isa = PBXFileReference; lastKnownFileType = sourcecode.swift; path = ReportView.swift; sourceTree = "<group>"; };
		4207BC6E2A95C5E9006B7F52 /* cctvFeed.mp4 */ = {isa = PBXFileReference; lastKnownFileType = file; path = cctvFeed.mp4; sourceTree = "<group>"; };
		42A082702A94DF4100D1B3BA /* TrainsTake1.app */ = {isa = PBXFileReference; explicitFileType = wrapper.application; includeInIndex = 0; path = TrainsTake1.app; sourceTree = BUILT_PRODUCTS_DIR; };
		42A082742A94DF4100D1B3BA /* RealityKitContent */ = {isa = PBXFileReference; lastKnownFileType = wrapper; path = RealityKitContent; sourceTree = "<group>"; };
		42A082772A94DF4100D1B3BA /* TrainsTake1App.swift */ = {isa = PBXFileReference; lastKnownFileType = sourcecode.swift; path = TrainsTake1App.swift; sourceTree = "<group>"; };
		42A082792A94DF4100D1B3BA /* ContentView.swift */ = {isa = PBXFileReference; lastKnownFileType = sourcecode.swift; path = ContentView.swift; sourceTree = "<group>"; };
		42A0827B2A94DF4100D1B3BA /* ImmersiveView.swift */ = {isa = PBXFileReference; lastKnownFileType = sourcecode.swift; path = ImmersiveView.swift; sourceTree = "<group>"; };
		42A0827D2A94DF4100D1B3BA /* ImageBasedLighting.skybox */ = {isa = PBXFileReference; lastKnownFileType = file.skybox; path = ImageBasedLighting.skybox; sourceTree = "<group>"; };
		42A0827F2A94DF4300D1B3BA /* Assets.xcassets */ = {isa = PBXFileReference; lastKnownFileType = folder.assetcatalog; path = Assets.xcassets; sourceTree = "<group>"; };
		42A082822A94DF4300D1B3BA /* Preview Assets.xcassets */ = {isa = PBXFileReference; lastKnownFileType = folder.assetcatalog; path = "Preview Assets.xcassets"; sourceTree = "<group>"; };
		42A082892A94E5F900D1B3BA /* ZoomInView.swift */ = {isa = PBXFileReference; lastKnownFileType = sourcecode.swift; path = ZoomInView.swift; sourceTree = "<group>"; };
		42A082A62A95899600D1B3BA /* TestBeacon.xcodeproj */ = {isa = PBXFileReference; lastKnownFileType = "wrapper.pb-project"; name = TestBeacon.xcodeproj; path = ../../TestBeacon/TestBeacon.xcodeproj; sourceTree = "<group>"; };
		42A082AC2A9589A600D1B3BA /* TestBeacon.xcodeproj */ = {isa = PBXFileReference; lastKnownFileType = "wrapper.pb-project"; name = TestBeacon.xcodeproj; path = ../TestBeacon/TestBeacon.xcodeproj; sourceTree = "<group>"; };
/* End PBXFileReference section */

/* Begin PBXFrameworksBuildPhase section */
		42A0826D2A94DF4100D1B3BA /* Frameworks */ = {
			isa = PBXFrameworksBuildPhase;
			buildActionMask = 2147483647;
			files = (
				42A082762A94DF4100D1B3BA /* RealityKitContent in Frameworks */,
			);
			runOnlyForDeploymentPostprocessing = 0;
		};
/* End PBXFrameworksBuildPhase section */

/* Begin PBXGroup section */
		42A082672A94DF4100D1B3BA = {
			isa = PBXGroup;
			children = (
				42A082AC2A9589A600D1B3BA /* TestBeacon.xcodeproj */,
				42A082722A94DF4100D1B3BA /* TrainsTake1 */,
				42A082732A94DF4100D1B3BA /* Packages */,
				42A082712A94DF4100D1B3BA /* Products */,
			);
			sourceTree = "<group>";
		};
		42A082712A94DF4100D1B3BA /* Products */ = {
			isa = PBXGroup;
			children = (
				42A082702A94DF4100D1B3BA /* TrainsTake1.app */,
			);
			name = Products;
			sourceTree = "<group>";
		};
		42A082722A94DF4100D1B3BA /* TrainsTake1 */ = {
			isa = PBXGroup;
			children = (
				42A082A62A95899600D1B3BA /* TestBeacon.xcodeproj */,
				42A082772A94DF4100D1B3BA /* TrainsTake1App.swift */,
				42A082792A94DF4100D1B3BA /* ContentView.swift */,
				42A0827B2A94DF4100D1B3BA /* ImmersiveView.swift */,
				42A0827D2A94DF4100D1B3BA /* ImageBasedLighting.skybox */,
				42A0827F2A94DF4300D1B3BA /* Assets.xcassets */,
				42A082812A94DF4300D1B3BA /* Preview Content */,
				42A082892A94E5F900D1B3BA /* ZoomInView.swift */,
				4207BC6A2A95B566006B7F52 /* CCTVView.swift */,
				4207BC6C2A95BDCE006B7F52 /* ReportView.swift */,
				4207BC6E2A95C5E9006B7F52 /* cctvFeed.mp4 */,
			);
			path = TrainsTake1;
			sourceTree = "<group>";
		};
		42A082732A94DF4100D1B3BA /* Packages */ = {
			isa = PBXGroup;
			children = (
				42A082742A94DF4100D1B3BA /* RealityKitContent */,
			);
			path = Packages;
			sourceTree = "<group>";
		};
		42A082812A94DF4300D1B3BA /* Preview Content */ = {
			isa = PBXGroup;
			children = (
				42A082822A94DF4300D1B3BA /* Preview Assets.xcassets */,
			);
			path = "Preview Content";
			sourceTree = "<group>";
		};
		42A082A72A95899600D1B3BA /* Products */ = {
			isa = PBXGroup;
			children = (
				42A082AB2A95899700D1B3BA /* TestBeacon.app */,
			);
			name = Products;
			sourceTree = "<group>";
		};
		42A082AD2A9589A600D1B3BA /* Products */ = {
			isa = PBXGroup;
			children = (
				42A082B12A9589A600D1B3BA /* TestBeacon.app */,
			);
			name = Products;
			sourceTree = "<group>";
		};
/* End PBXGroup section */

/* Begin PBXNativeTarget section */
		42A0826F2A94DF4100D1B3BA /* TrainsTake1 */ = {
			isa = PBXNativeTarget;
			buildConfigurationList = 42A082862A94DF4300D1B3BA /* Build configuration list for PBXNativeTarget "TrainsTake1" */;
			buildPhases = (
				42A0826C2A94DF4100D1B3BA /* Sources */,
				42A0826D2A94DF4100D1B3BA /* Frameworks */,
				42A0826E2A94DF4100D1B3BA /* Resources */,
			);
			buildRules = (
			);
			dependencies = (
			);
			name = TrainsTake1;
			packageProductDependencies = (
				42A082752A94DF4100D1B3BA /* RealityKitContent */,
			);
			productName = TrainsTake1;
			productReference = 42A082702A94DF4100D1B3BA /* TrainsTake1.app */;
			productType = "com.apple.product-type.application";
		};
/* End PBXNativeTarget section */

/* Begin PBXProject section */
		42A082682A94DF4100D1B3BA /* Project object */ = {
			isa = PBXProject;
			attributes = {
				BuildIndependentTargetsInParallel = 1;
				LastSwiftUpdateCheck = 1500;
				LastUpgradeCheck = 1500;
				TargetAttributes = {
					42A0826F2A94DF4100D1B3BA = {
						CreatedOnToolsVersion = 15.0;
					};
				};
			};
			buildConfigurationList = 42A0826B2A94DF4100D1B3BA /* Build configuration list for PBXProject "TrainsTake1" */;
			compatibilityVersion = "Xcode 14.0";
			developmentRegion = en;
			hasScannedForEncodings = 0;
			knownRegions = (
				en,
				Base,
			);
			mainGroup = 42A082672A94DF4100D1B3BA;
			productRefGroup = 42A082712A94DF4100D1B3BA /* Products */;
			projectDirPath = "";
			projectReferences = (
				{
					ProductGroup = 42A082AD2A9589A600D1B3BA /* Products */;
					ProjectRef = 42A082AC2A9589A600D1B3BA /* TestBeacon.xcodeproj */;
				},
				{
					ProductGroup = 42A082A72A95899600D1B3BA /* Products */;
					ProjectRef = 42A082A62A95899600D1B3BA /* TestBeacon.xcodeproj */;
				},
			);
			projectRoot = "";
			targets = (
				42A0826F2A94DF4100D1B3BA /* TrainsTake1 */,
			);
		};
/* End PBXProject section */

/* Begin PBXReferenceProxy section */
		42A082AB2A95899700D1B3BA /* TestBeacon.app */ = {
			isa = PBXReferenceProxy;
			fileType = wrapper.application;
			path = TestBeacon.app;
			remoteRef = 42A082AA2A95899700D1B3BA /* PBXContainerItemProxy */;
			sourceTree = BUILT_PRODUCTS_DIR;
		};
		42A082B12A9589A600D1B3BA /* TestBeacon.app */ = {
			isa = PBXReferenceProxy;
			fileType = wrapper.application;
			path = TestBeacon.app;
			remoteRef = 42A082B02A9589A600D1B3BA /* PBXContainerItemProxy */;
			sourceTree = BUILT_PRODUCTS_DIR;
		};
/* End PBXReferenceProxy section */

/* Begin PBXResourcesBuildPhase section */
		42A0826E2A94DF4100D1B3BA /* Resources */ = {
			isa = PBXResourcesBuildPhase;
			buildActionMask = 2147483647;
			files = (
				42A082802A94DF4300D1B3BA /* Assets.xcassets in Resources */,
				42A082832A94DF4300D1B3BA /* Preview Assets.xcassets in Resources */,
				42A0827E2A94DF4100D1B3BA /* ImageBasedLighting.skybox in Resources */,
				4207BC6F2A95C660006B7F52 /* cctvFeed.mp4 in Resources */,
			);
			runOnlyForDeploymentPostprocessing = 0;
		};
/* End PBXResourcesBuildPhase section */

/* Begin PBXSourcesBuildPhase section */
		42A0826C2A94DF4100D1B3BA /* Sources */ = {
			isa = PBXSourcesBuildPhase;
			buildActionMask = 2147483647;
			files = (
				42A0827A2A94DF4100D1B3BA /* ContentView.swift in Sources */,
				42A082782A94DF4100D1B3BA /* TrainsTake1App.swift in Sources */,
				4207BC6D2A95BDCE006B7F52 /* ReportView.swift in Sources */,
				42A0828A2A94E5F900D1B3BA /* ZoomInView.swift in Sources */,
				4207BC6B2A95B566006B7F52 /* CCTVView.swift in Sources */,
				42A0827C2A94DF4100D1B3BA /* ImmersiveView.swift in Sources */,
			);
			runOnlyForDeploymentPostprocessing = 0;
		};
/* End PBXSourcesBuildPhase section */

/* Begin XCBuildConfiguration section */
		42A082842A94DF4300D1B3BA /* Debug */ = {
			isa = XCBuildConfiguration;
			buildSettings = {
				ALWAYS_SEARCH_USER_PATHS = NO;
				ASSETCATALOG_COMPILER_GENERATE_SWIFT_ASSET_SYMBOL_EXTENSIONS = YES;
				CLANG_ANALYZER_NONNULL = YES;
				CLANG_ANALYZER_NUMBER_OBJECT_CONVERSION = YES_AGGRESSIVE;
				CLANG_CXX_LANGUAGE_STANDARD = "gnu++20";
				CLANG_ENABLE_MODULES = YES;
				CLANG_ENABLE_OBJC_ARC = YES;
				CLANG_ENABLE_OBJC_WEAK = YES;
				CLANG_WARN_BLOCK_CAPTURE_AUTORELEASING = YES;
				CLANG_WARN_BOOL_CONVERSION = YES;
				CLANG_WARN_COMMA = YES;
				CLANG_WARN_CONSTANT_CONVERSION = YES;
				CLANG_WARN_DEPRECATED_OBJC_IMPLEMENTATIONS = YES;
				CLANG_WARN_DIRECT_OBJC_ISA_USAGE = YES_ERROR;
				CLANG_WARN_DOCUMENTATION_COMMENTS = YES;
				CLANG_WARN_EMPTY_BODY = YES;
				CLANG_WARN_ENUM_CONVERSION = YES;
				CLANG_WARN_INFINITE_RECURSION = YES;
				CLANG_WARN_INT_CONVERSION = YES;
				CLANG_WARN_NON_LITERAL_NULL_CONVERSION = YES;
				CLANG_WARN_OBJC_IMPLICIT_RETAIN_SELF = YES;
				CLANG_WARN_OBJC_LITERAL_CONVERSION = YES;
				CLANG_WARN_OBJC_ROOT_CLASS = YES_ERROR;
				CLANG_WARN_QUOTED_INCLUDE_IN_FRAMEWORK_HEADER = YES;
				CLANG_WARN_RANGE_LOOP_ANALYSIS = YES;
				CLANG_WARN_STRICT_PROTOTYPES = YES;
				CLANG_WARN_SUSPICIOUS_MOVE = YES;
				CLANG_WARN_UNGUARDED_AVAILABILITY = YES_AGGRESSIVE;
				CLANG_WARN_UNREACHABLE_CODE = YES;
				CLANG_WARN__DUPLICATE_METHOD_MATCH = YES;
				COPY_PHASE_STRIP = NO;
				DEBUG_INFORMATION_FORMAT = dwarf;
				ENABLE_STRICT_OBJC_MSGSEND = YES;
				ENABLE_TESTABILITY = YES;
				ENABLE_USER_SCRIPT_SANDBOXING = YES;
				GCC_C_LANGUAGE_STANDARD = gnu17;
				GCC_DYNAMIC_NO_PIC = NO;
				GCC_NO_COMMON_BLOCKS = YES;
				GCC_OPTIMIZATION_LEVEL = 0;
				GCC_PREPROCESSOR_DEFINITIONS = (
					"DEBUG=1",
					"$(inherited)",
				);
				GCC_WARN_64_TO_32_BIT_CONVERSION = YES;
				GCC_WARN_ABOUT_RETURN_TYPE = YES_ERROR;
				GCC_WARN_UNDECLARED_SELECTOR = YES;
				GCC_WARN_UNINITIALIZED_AUTOS = YES_AGGRESSIVE;
				GCC_WARN_UNUSED_FUNCTION = YES;
				GCC_WARN_UNUSED_VARIABLE = YES;
				LOCALIZATION_PREFERS_STRING_CATALOGS = YES;
				MTL_ENABLE_DEBUG_INFO = INCLUDE_SOURCE;
				MTL_FAST_MATH = YES;
				ONLY_ACTIVE_ARCH = YES;
				SDKROOT = xros;
				SWIFT_ACTIVE_COMPILATION_CONDITIONS = "DEBUG $(inherited)";
				SWIFT_OPTIMIZATION_LEVEL = "-Onone";
				XROS_DEPLOYMENT_TARGET = 1.0;
			};
			name = Debug;
		};
		42A082852A94DF4300D1B3BA /* Release */ = {
			isa = XCBuildConfiguration;
			buildSettings = {
				ALWAYS_SEARCH_USER_PATHS = NO;
				ASSETCATALOG_COMPILER_GENERATE_SWIFT_ASSET_SYMBOL_EXTENSIONS = YES;
				CLANG_ANALYZER_NONNULL = YES;
				CLANG_ANALYZER_NUMBER_OBJECT_CONVERSION = YES_AGGRESSIVE;
				CLANG_CXX_LANGUAGE_STANDARD = "gnu++20";
				CLANG_ENABLE_MODULES = YES;
				CLANG_ENABLE_OBJC_ARC = YES;
				CLANG_ENABLE_OBJC_WEAK = YES;
				CLANG_WARN_BLOCK_CAPTURE_AUTORELEASING = YES;
				CLANG_WARN_BOOL_CONVERSION = YES;
				CLANG_WARN_COMMA = YES;
				CLANG_WARN_CONSTANT_CONVERSION = YES;
				CLANG_WARN_DEPRECATED_OBJC_IMPLEMENTATIONS = YES;
				CLANG_WARN_DIRECT_OBJC_ISA_USAGE = YES_ERROR;
				CLANG_WARN_DOCUMENTATION_COMMENTS = YES;
				CLANG_WARN_EMPTY_BODY = YES;
				CLANG_WARN_ENUM_CONVERSION = YES;
				CLANG_WARN_INFINITE_RECURSION = YES;
				CLANG_WARN_INT_CONVERSION = YES;
				CLANG_WARN_NON_LITERAL_NULL_CONVERSION = YES;
				CLANG_WARN_OBJC_IMPLICIT_RETAIN_SELF = YES;
				CLANG_WARN_OBJC_LITERAL_CONVERSION = YES;
				CLANG_WARN_OBJC_ROOT_CLASS = YES_ERROR;
				CLANG_WARN_QUOTED_INCLUDE_IN_FRAMEWORK_HEADER = YES;
				CLANG_WARN_RANGE_LOOP_ANALYSIS = YES;
				CLANG_WARN_STRICT_PROTOTYPES = YES;
				CLANG_WARN_SUSPICIOUS_MOVE = YES;
				CLANG_WARN_UNGUARDED_AVAILABILITY = YES_AGGRESSIVE;
				CLANG_WARN_UNREACHABLE_CODE = YES;
				CLANG_WARN__DUPLICATE_METHOD_MATCH = YES;
				COPY_PHASE_STRIP = NO;
				DEBUG_INFORMATION_FORMAT = "dwarf-with-dsym";
				ENABLE_NS_ASSERTIONS = NO;
				ENABLE_STRICT_OBJC_MSGSEND = YES;
				ENABLE_USER_SCRIPT_SANDBOXING = YES;
				GCC_C_LANGUAGE_STANDARD = gnu17;
				GCC_NO_COMMON_BLOCKS = YES;
				GCC_WARN_64_TO_32_BIT_CONVERSION = YES;
				GCC_WARN_ABOUT_RETURN_TYPE = YES_ERROR;
				GCC_WARN_UNDECLARED_SELECTOR = YES;
				GCC_WARN_UNINITIALIZED_AUTOS = YES_AGGRESSIVE;
				GCC_WARN_UNUSED_FUNCTION = YES;
				GCC_WARN_UNUSED_VARIABLE = YES;
				LOCALIZATION_PREFERS_STRING_CATALOGS = YES;
				MTL_ENABLE_DEBUG_INFO = NO;
				MTL_FAST_MATH = YES;
				SDKROOT = xros;
				SWIFT_COMPILATION_MODE = wholemodule;
				VALIDATE_PRODUCT = YES;
				XROS_DEPLOYMENT_TARGET = 1.0;
			};
			name = Release;
		};
		42A082872A94DF4300D1B3BA /* Debug */ = {
			isa = XCBuildConfiguration;
			buildSettings = {
				ASSETCATALOG_COMPILER_APPICON_NAME = AppIcon;
				ASSETCATALOG_COMPILER_GLOBAL_ACCENT_COLOR_NAME = AccentColor;
				"CODE_SIGN_IDENTITY[sdk=macosx*]" = "-";
				CODE_SIGN_STYLE = Automatic;
				CURRENT_PROJECT_VERSION = 1;
				DEVELOPMENT_ASSET_PATHS = "\"TrainsTake1/Preview Content\"";
				DEVELOPMENT_TEAM = TQDS6MDQ3F;
				ENABLE_PREVIEWS = YES;
				GENERATE_INFOPLIST_FILE = YES;
				INFOPLIST_KEY_UIApplicationSceneManifest_Generation = YES;
				LD_RUNPATH_SEARCH_PATHS = (
					"$(inherited)",
					"@executable_path/Frameworks",
				);
				MARKETING_VERSION = 1.0;
				PRODUCT_BUNDLE_IDENTIFIER = com.igorelik.TrainsTake1;
				PRODUCT_NAME = "$(TARGET_NAME)";
				SUPPORTED_PLATFORMS = "xros xrsimulator";
				SUPPORTS_MACCATALYST = NO;
				SWIFT_EMIT_LOC_STRINGS = YES;
				SWIFT_VERSION = 5.0;
				TARGETED_DEVICE_FAMILY = "1,2,7";
			};
			name = Debug;
		};
		42A082882A94DF4300D1B3BA /* Release */ = {
			isa = XCBuildConfiguration;
			buildSettings = {
				ASSETCATALOG_COMPILER_APPICON_NAME = AppIcon;
				ASSETCATALOG_COMPILER_GLOBAL_ACCENT_COLOR_NAME = AccentColor;
				"CODE_SIGN_IDENTITY[sdk=macosx*]" = "-";
				CODE_SIGN_STYLE = Automatic;
				CURRENT_PROJECT_VERSION = 1;
				DEVELOPMENT_ASSET_PATHS = "\"TrainsTake1/Preview Content\"";
				DEVELOPMENT_TEAM = TQDS6MDQ3F;
				ENABLE_PREVIEWS = YES;
				GENERATE_INFOPLIST_FILE = YES;
				INFOPLIST_KEY_UIApplicationSceneManifest_Generation = YES;
				LD_RUNPATH_SEARCH_PATHS = (
					"$(inherited)",
					"@executable_path/Frameworks",
				);
				MARKETING_VERSION = 1.0;
				PRODUCT_BUNDLE_IDENTIFIER = com.igorelik.TrainsTake1;
				PRODUCT_NAME = "$(TARGET_NAME)";
				SUPPORTED_PLATFORMS = "xros xrsimulator";
				SUPPORTS_MACCATALYST = NO;
				SWIFT_EMIT_LOC_STRINGS = YES;
				SWIFT_VERSION = 5.0;
				TARGETED_DEVICE_FAMILY = "1,2,7";
			};
			name = Release;
		};
/* End XCBuildConfiguration section */

/* Begin XCConfigurationList section */
		42A0826B2A94DF4100D1B3BA /* Build configuration list for PBXProject "TrainsTake1" */ = {
			isa = XCConfigurationList;
			buildConfigurations = (
				42A082842A94DF4300D1B3BA /* Debug */,
				42A082852A94DF4300D1B3BA /* Release */,
			);
			defaultConfigurationIsVisible = 0;
			defaultConfigurationName = Release;
		};
		42A082862A94DF4300D1B3BA /* Build configuration list for PBXNativeTarget "TrainsTake1" */ = {
			isa = XCConfigurationList;
			buildConfigurations = (
				42A082872A94DF4300D1B3BA /* Debug */,
				42A082882A94DF4300D1B3BA /* Release */,
			);
			defaultConfigurationIsVisible = 0;
			defaultConfigurationName = Release;
		};
/* End XCConfigurationList section */

/* Begin XCSwiftPackageProductDependency section */
		42A082752A94DF4100D1B3BA /* RealityKitContent */ = {
			isa = XCSwiftPackageProductDependency;
			productName = RealityKitContent;
		};
/* End XCSwiftPackageProductDependency section */
	};
	rootObject = 42A082682A94DF4100D1B3BA /* Project object */;
}
